
Microsoft Visual Studio Solution File, Format Version 12.00
# Visual Studio Version 16
VisualStudioVersion = 16.0.31005.135
MinimumVisualStudioVersion = 10.0.40219.1
Project("{FAE04EC0-301F-11D3-BF4B-00C04F79EFBC}") = "API", "API\API.csproj", "{7BE6F8D9-7165-4B5A-B76C-BEF4DF774E75}"
EndProject
Project("{FAE04EC0-301F-11D3-BF4B-00C04F79EFBC}") = "ConsoleApp", "ConsoleApp\ConsoleApp.csproj", "{DF70A533-B222-4C8C-9726-F81EC54E7368}"
EndProject
Global
	GlobalSection(SolutionConfigurationPlatforms) = preSolution
		Debug|Any CPU = Debug|Any CPU
		Release|Any CPU = Release|Any CPU
	EndGlobalSection
	GlobalSection(ProjectConfigurationPlatforms) = postSolution
		{7BE6F8D9-7165-4B5A-B76C-BEF4DF774E75}.Debug|Any CPU.ActiveCfg = Debug|Any CPU
		{7BE6F8D9-7165-4B5A-B76C-BEF4DF774E75}.Debug|Any CPU.Build.0 = Debug|Any CPU
		{7BE6F8D9-7165-4B5A-B76C-BEF4DF774E75}.Release|Any CPU.ActiveCfg = Release|Any CPU
		{7BE6F8D9-7165-4B5A-B76C-BEF4DF774E75}.Release|Any CPU.Build.0 = Release|Any CPU
		{DF70A533-B222-4C8C-9726-F81EC54E7368}.Debug|Any CPU.ActiveCfg = Debug|Any CPU
		{DF70A533-B222-4C8C-9726-F81EC54E7368}.Debug|Any CPU.Build.0 = Debug|Any CPU
		{DF70A533-B222-4C8C-9726-F81EC54E7368}.Release|Any CPU.ActiveCfg = Release|Any CPU
		{DF70A533-B222-4C8C-9726-F81EC54E7368}.Release|Any CPU.Build.0 = Release|Any CPU
	EndGlobalSection
	GlobalSection(SolutionProperties) = preSolution
		HideSolutionNode = FALSE
	EndGlobalSection
	GlobalSection(ExtensibilityGlobals) = postSolution
		SolutionGuid = {7F76592F-996B-4FE1-AADC-09DF4361ADFE}
	EndGlobalSection
EndGlobal
